// !$*UTF8*$!
{
	archiveVersion = 1;
	classes = {
	};
	objectVersion = 50;
	objects = {

/* Begin PBXBuildFile section */
		C860932B2429A5680058DA6F /* _225_用队列实现栈.swift in Sources */ = {isa = PBXBuildFile; fileRef = C86093132429A5680058DA6F /* _225_用队列实现栈.swift */; };
		C860932C2429A5680058DA6F /* _232_用栈实现队列.swift in Sources */ = {isa = PBXBuildFile; fileRef = C86093142429A5680058DA6F /* _232_用栈实现队列.swift */; };
		C860932D2429A5680058DA6F /* Queue.swift in Sources */ = {isa = PBXBuildFile; fileRef = C86093152429A5680058DA6F /* Queue.swift */; };
		C860932E2429A5680058DA6F /* _75_颜色分类.swift in Sources */ = {isa = PBXBuildFile; fileRef = C86093172429A5680058DA6F /* _75_颜色分类.swift */; };
		C860932F2429A5680058DA6F /* _面试题_16_16_部分排序.swift in Sources */ = {isa = PBXBuildFile; fileRef = C86093182429A5680058DA6F /* _面试题_16_16_部分排序.swift */; };
		C86093302429A5680058DA6F /* _88_合并两个有序数组.swift in Sources */ = {isa = PBXBuildFile; fileRef = C86093192429A5680058DA6F /* _88_合并两个有序数组.swift */; };
		C86093312429A5680058DA6F /* _164_最大间距.swift in Sources */ = {isa = PBXBuildFile; fileRef = C860931A2429A5680058DA6F /* _164_最大间距.swift */; };
		C86093322429A5680058DA6F /* _3_无重复字符的最长子串.swift in Sources */ = {isa = PBXBuildFile; fileRef = C860931C2429A5680058DA6F /* _3_无重复字符的最长子串.swift */; };
		C86093332429A5680058DA6F /* _234_回文链表.swift in Sources */ = {isa = PBXBuildFile; fileRef = C860931E2429A5680058DA6F /* _234_回文链表.swift */; };
		C86093342429A5680058DA6F /* _203_移除链表元素.swift in Sources */ = {isa = PBXBuildFile; fileRef = C860931F2429A5680058DA6F /* _203_移除链表元素.swift */; };
		C86093352429A5680058DA6F /* _206_反转链表.swift in Sources */ = {isa = PBXBuildFile; fileRef = C86093202429A5680058DA6F /* _206_反转链表.swift */; };
		C86093362429A5680058DA6F /* ListNode.swift in Sources */ = {isa = PBXBuildFile; fileRef = C86093212429A5680058DA6F /* ListNode.swift */; };
		C86093372429A5680058DA6F /* _876_链表的中间结点.swift in Sources */ = {isa = PBXBuildFile; fileRef = C86093222429A5680058DA6F /* _876_链表的中间结点.swift */; };
		C86093382429A5680058DA6F /* _141_环形链表.swift in Sources */ = {isa = PBXBuildFile; fileRef = C86093232429A5680058DA6F /* _141_环形链表.swift */; };
		C86093392429A5680058DA6F /* _83_删除排序链表中的重复元素.swift in Sources */ = {isa = PBXBuildFile; fileRef = C86093242429A5680058DA6F /* _83_删除排序链表中的重复元素.swift */; };
		C860933A2429A5680058DA6F /* _20_有效的括号.swift in Sources */ = {isa = PBXBuildFile; fileRef = C86093262429A5680058DA6F /* _20_有效的括号.swift */; };
		C860933B2429A5680058DA6F /* Stack.swift in Sources */ = {isa = PBXBuildFile; fileRef = C86093272429A5680058DA6F /* Stack.swift */; };
		C860933C2429A5680058DA6F /* _150_逆波兰表达式求值.swift in Sources */ = {isa = PBXBuildFile; fileRef = C86093282429A5680058DA6F /* _150_逆波兰表达式求值.swift */; };
		C860933D2429A5680058DA6F /* _224_基本计算器.swift in Sources */ = {isa = PBXBuildFile; fileRef = C86093292429A5680058DA6F /* _224_基本计算器.swift */; };
		C860933E2429A5680058DA6F /* _856_括号的分数.swift in Sources */ = {isa = PBXBuildFile; fileRef = C860932A2429A5680058DA6F /* _856_括号的分数.swift */; };
		C8609341242AF0480058DA6F /* 冒泡排序.swift in Sources */ = {isa = PBXBuildFile; fileRef = C8609340242AF0480058DA6F /* 冒泡排序.swift */; };
		C8609343242B082C0058DA6F /* 选择排序.swift in Sources */ = {isa = PBXBuildFile; fileRef = C8609342242B082C0058DA6F /* 选择排序.swift */; };
		C8609345242B1AD20058DA6F /* 堆排序.swift in Sources */ = {isa = PBXBuildFile; fileRef = C8609344242B1AD20058DA6F /* 堆排序.swift */; };
		C8609347242B4BC80058DA6F /* 插入排序.swift in Sources */ = {isa = PBXBuildFile; fileRef = C8609346242B4BC80058DA6F /* 插入排序.swift */; };
		C8609349242B57BF0058DA6F /* 归并排序.swift in Sources */ = {isa = PBXBuildFile; fileRef = C8609348242B57BF0058DA6F /* 归并排序.swift */; };
		C8656ECD243D976200713D1A /* BinarySearchTree.swift in Sources */ = {isa = PBXBuildFile; fileRef = C8656ECC243D976200713D1A /* BinarySearchTree.swift */; };
		C8656ECF243DAE6800713D1A /* TreeNode.swift in Sources */ = {isa = PBXBuildFile; fileRef = C8656ECE243DAE6800713D1A /* TreeNode.swift */; };
		C8656ED1243DAF0D00713D1A /* _226_翻转二叉树.swift in Sources */ = {isa = PBXBuildFile; fileRef = C8656ED0243DAF0D00713D1A /* _226_翻转二叉树.swift */; };
		C8656ED9243DCADE00713D1A /* 获取最大公约数.swift in Sources */ = {isa = PBXBuildFile; fileRef = C8656ED8243DCADE00713D1A /* 获取最大公约数.swift */; };
		C8ADF6B7243F053300E355E5 /* BinaryTree.swift in Sources */ = {isa = PBXBuildFile; fileRef = C8ADF6B6243F053300E355E5 /* BinaryTree.swift */; };
		C8ADF6B9243F1F5000E355E5 /* _面试题_10_01_合并排序的数组.swift in Sources */ = {isa = PBXBuildFile; fileRef = C8ADF6B8243F1F5000E355E5 /* _面试题_10_01_合并排序的数组.swift */; };
		C8C6A66B2372B92300B3059D /* main.swift in Sources */ = {isa = PBXBuildFile; fileRef = C8C6A66A2372B92300B3059D /* main.swift */; };
/* End PBXBuildFile section */

/* Begin PBXCopyFilesBuildPhase section */
		C8C6A6652372B92300B3059D /* CopyFiles */ = {
			isa = PBXCopyFilesBuildPhase;
			buildActionMask = 2147483647;
			dstPath = /usr/share/man/man1/;
			dstSubfolderSpec = 0;
			files = (
			);
			runOnlyForDeploymentPostprocessing = 1;
		};
/* End PBXCopyFilesBuildPhase section */

/* Begin PBXFileReference section */
		C86093132429A5680058DA6F /* _225_用队列实现栈.swift */ = {isa = PBXFileReference; fileEncoding = 4; lastKnownFileType = sourcecode.swift; path = "_225_用队列实现栈.swift"; sourceTree = "<group>"; };
		C86093142429A5680058DA6F /* _232_用栈实现队列.swift */ = {isa = PBXFileReference; fileEncoding = 4; lastKnownFileType = sourcecode.swift; path = "_232_用栈实现队列.swift"; sourceTree = "<group>"; };
		C86093152429A5680058DA6F /* Queue.swift */ = {isa = PBXFileReference; fileEncoding = 4; lastKnownFileType = sourcecode.swift; path = Queue.swift; sourceTree = "<group>"; };
		C86093172429A5680058DA6F /* _75_颜色分类.swift */ = {isa = PBXFileReference; fileEncoding = 4; lastKnownFileType = sourcecode.swift; path = "_75_颜色分类.swift"; sourceTree = "<group>"; };
		C86093182429A5680058DA6F /* _面试题_16_16_部分排序.swift */ = {isa = PBXFileReference; fileEncoding = 4; lastKnownFileType = sourcecode.swift; path = "_面试题_16_16_部分排序.swift"; sourceTree = "<group>"; };
		C86093192429A5680058DA6F /* _88_合并两个有序数组.swift */ = {isa = PBXFileReference; fileEncoding = 4; lastKnownFileType = sourcecode.swift; path = "_88_合并两个有序数组.swift"; sourceTree = "<group>"; };
		C860931A2429A5680058DA6F /* _164_最大间距.swift */ = {isa = PBXFileReference; fileEncoding = 4; lastKnownFileType = sourcecode.swift; path = "_164_最大间距.swift"; sourceTree = "<group>"; };
		C860931C2429A5680058DA6F /* _3_无重复字符的最长子串.swift */ = {isa = PBXFileReference; fileEncoding = 4; lastKnownFileType = sourcecode.swift; path = "_3_无重复字符的最长子串.swift"; sourceTree = "<group>"; };
		C860931E2429A5680058DA6F /* _234_回文链表.swift */ = {isa = PBXFileReference; fileEncoding = 4; lastKnownFileType = sourcecode.swift; path = "_234_回文链表.swift"; sourceTree = "<group>"; };
		C860931F2429A5680058DA6F /* _203_移除链表元素.swift */ = {isa = PBXFileReference; fileEncoding = 4; lastKnownFileType = sourcecode.swift; path = "_203_移除链表元素.swift"; sourceTree = "<group>"; };
		C86093202429A5680058DA6F /* _206_反转链表.swift */ = {isa = PBXFileReference; fileEncoding = 4; lastKnownFileType = sourcecode.swift; path = "_206_反转链表.swift"; sourceTree = "<group>"; };
		C86093212429A5680058DA6F /* ListNode.swift */ = {isa = PBXFileReference; fileEncoding = 4; lastKnownFileType = sourcecode.swift; path = ListNode.swift; sourceTree = "<group>"; };
		C86093222429A5680058DA6F /* _876_链表的中间结点.swift */ = {isa = PBXFileReference; fileEncoding = 4; lastKnownFileType = sourcecode.swift; path = "_876_链表的中间结点.swift"; sourceTree = "<group>"; };
		C86093232429A5680058DA6F /* _141_环形链表.swift */ = {isa = PBXFileReference; fileEncoding = 4; lastKnownFileType = sourcecode.swift; path = "_141_环形链表.swift"; sourceTree = "<group>"; };
		C86093242429A5680058DA6F /* _83_删除排序链表中的重复元素.swift */ = {isa = PBXFileReference; fileEncoding = 4; lastKnownFileType = sourcecode.swift; path = "_83_删除排序链表中的重复元素.swift"; sourceTree = "<group>"; };
		C86093262429A5680058DA6F /* _20_有效的括号.swift */ = {isa = PBXFileReference; fileEncoding = 4; lastKnownFileType = sourcecode.swift; path = "_20_有效的括号.swift"; sourceTree = "<group>"; };
		C86093272429A5680058DA6F /* Stack.swift */ = {isa = PBXFileReference; fileEncoding = 4; lastKnownFileType = sourcecode.swift; path = Stack.swift; sourceTree = "<group>"; };
		C86093282429A5680058DA6F /* _150_逆波兰表达式求值.swift */ = {isa = PBXFileReference; fileEncoding = 4; lastKnownFileType = sourcecode.swift; path = "_150_逆波兰表达式求值.swift"; sourceTree = "<group>"; };
		C86093292429A5680058DA6F /* _224_基本计算器.swift */ = {isa = PBXFileReference; fileEncoding = 4; lastKnownFileType = sourcecode.swift; path = "_224_基本计算器.swift"; sourceTree = "<group>"; };
		C860932A2429A5680058DA6F /* _856_括号的分数.swift */ = {isa = PBXFileReference; fileEncoding = 4; lastKnownFileType = sourcecode.swift; path = "_856_括号的分数.swift"; sourceTree = "<group>"; };
		C8609340242AF0480058DA6F /* 冒泡排序.swift */ = {isa = PBXFileReference; lastKnownFileType = sourcecode.swift; path = "冒泡排序.swift"; sourceTree = "<group>"; };
		C8609342242B082C0058DA6F /* 选择排序.swift */ = {isa = PBXFileReference; lastKnownFileType = sourcecode.swift; path = "选择排序.swift"; sourceTree = "<group>"; };
		C8609344242B1AD20058DA6F /* 堆排序.swift */ = {isa = PBXFileReference; lastKnownFileType = sourcecode.swift; path = "堆排序.swift"; sourceTree = "<group>"; };
		C8609346242B4BC80058DA6F /* 插入排序.swift */ = {isa = PBXFileReference; lastKnownFileType = sourcecode.swift; path = "插入排序.swift"; sourceTree = "<group>"; };
		C8609348242B57BF0058DA6F /* 归并排序.swift */ = {isa = PBXFileReference; lastKnownFileType = sourcecode.swift; path = "归并排序.swift"; sourceTree = "<group>"; };
		C8656ECC243D976200713D1A /* BinarySearchTree.swift */ = {isa = PBXFileReference; lastKnownFileType = sourcecode.swift; path = BinarySearchTree.swift; sourceTree = "<group>"; };
		C8656ECE243DAE6800713D1A /* TreeNode.swift */ = {isa = PBXFileReference; lastKnownFileType = sourcecode.swift; path = TreeNode.swift; sourceTree = "<group>"; };
		C8656ED0243DAF0D00713D1A /* _226_翻转二叉树.swift */ = {isa = PBXFileReference; lastKnownFileType = sourcecode.swift; path = "_226_翻转二叉树.swift"; sourceTree = "<group>"; };
		C8656ED8243DCADE00713D1A /* 获取最大公约数.swift */ = {isa = PBXFileReference; lastKnownFileType = sourcecode.swift; path = "获取最大公约数.swift"; sourceTree = "<group>"; };
		C8ADF6B6243F053300E355E5 /* BinaryTree.swift */ = {isa = PBXFileReference; lastKnownFileType = sourcecode.swift; path = BinaryTree.swift; sourceTree = "<group>"; };
		C8ADF6B8243F1F5000E355E5 /* _面试题_10_01_合并排序的数组.swift */ = {isa = PBXFileReference; lastKnownFileType = sourcecode.swift; path = "_面试题_10_01_合并排序的数组.swift"; sourceTree = "<group>"; };
		C8B6A72C2425EDFE00C03EED /* Algorithm.playground */ = {isa = PBXFileReference; lastKnownFileType = file.playground; path = Algorithm.playground; sourceTree = "<group>"; };
		C8C6A6672372B92300B3059D /* Algorithm */ = {isa = PBXFileReference; explicitFileType = "compiled.mach-o.executable"; includeInIndex = 0; path = Algorithm; sourceTree = BUILT_PRODUCTS_DIR; };
		C8C6A66A2372B92300B3059D /* main.swift */ = {isa = PBXFileReference; lastKnownFileType = sourcecode.swift; path = main.swift; sourceTree = "<group>"; };
/* End PBXFileReference section */

/* Begin PBXFrameworksBuildPhase section */
		C8C6A6642372B92300B3059D /* Frameworks */ = {
			isa = PBXFrameworksBuildPhase;
			buildActionMask = 2147483647;
			files = (
			);
			runOnlyForDeploymentPostprocessing = 0;
		};
/* End PBXFrameworksBuildPhase section */

/* Begin PBXGroup section */
		C86093122429A5680058DA6F /* 队列 */ = {
			isa = PBXGroup;
			children = (
				C86093132429A5680058DA6F /* _225_用队列实现栈.swift */,
				C86093142429A5680058DA6F /* _232_用栈实现队列.swift */,
				C86093152429A5680058DA6F /* Queue.swift */,
			);
			path = "队列";
			sourceTree = "<group>";
		};
		C86093162429A5680058DA6F /* 排序_数组 */ = {
			isa = PBXGroup;
			children = (
				C86093172429A5680058DA6F /* _75_颜色分类.swift */,
				C86093182429A5680058DA6F /* _面试题_16_16_部分排序.swift */,
				C86093192429A5680058DA6F /* _88_合并两个有序数组.swift */,
				C860931A2429A5680058DA6F /* _164_最大间距.swift */,
				C8ADF6B8243F1F5000E355E5 /* _面试题_10_01_合并排序的数组.swift */,
			);
			path = "排序_数组";
			sourceTree = "<group>";
		};
		C860931B2429A5680058DA6F /* 滑动窗口问题 */ = {
			isa = PBXGroup;
			children = (
				C860931C2429A5680058DA6F /* _3_无重复字符的最长子串.swift */,
			);
			path = "滑动窗口问题";
			sourceTree = "<group>";
		};
		C860931D2429A5680058DA6F /* 链表 */ = {
			isa = PBXGroup;
			children = (
				C860931E2429A5680058DA6F /* _234_回文链表.swift */,
				C860931F2429A5680058DA6F /* _203_移除链表元素.swift */,
				C86093202429A5680058DA6F /* _206_反转链表.swift */,
				C86093212429A5680058DA6F /* ListNode.swift */,
				C86093222429A5680058DA6F /* _876_链表的中间结点.swift */,
				C86093232429A5680058DA6F /* _141_环形链表.swift */,
				C86093242429A5680058DA6F /* _83_删除排序链表中的重复元素.swift */,
			);
			path = "链表";
			sourceTree = "<group>";
		};
		C86093252429A5680058DA6F /* 栈 */ = {
			isa = PBXGroup;
			children = (
				C86093262429A5680058DA6F /* _20_有效的括号.swift */,
				C86093272429A5680058DA6F /* Stack.swift */,
				C86093282429A5680058DA6F /* _150_逆波兰表达式求值.swift */,
				C86093292429A5680058DA6F /* _224_基本计算器.swift */,
				C860932A2429A5680058DA6F /* _856_括号的分数.swift */,
			);
			path = "栈";
			sourceTree = "<group>";
		};
		C860933F242AEFAC0058DA6F /* 排序算法(10 大排序算法) */ = {
			isa = PBXGroup;
			children = (
				C8609340242AF0480058DA6F /* 冒泡排序.swift */,
				C8609342242B082C0058DA6F /* 选择排序.swift */,
				C8609344242B1AD20058DA6F /* 堆排序.swift */,
				C8609346242B4BC80058DA6F /* 插入排序.swift */,
				C8609348242B57BF0058DA6F /* 归并排序.swift */,
			);
			path = "排序算法(10 大排序算法)";
			sourceTree = "<group>";
		};
		C8656ECB243D972600713D1A /* 树 */ = {
			isa = PBXGroup;
			children = (
				C8ADF6B6243F053300E355E5 /* BinaryTree.swift */,
				C8656ECC243D976200713D1A /* BinarySearchTree.swift */,
				C8656ECE243DAE6800713D1A /* TreeNode.swift */,
				C8656ED0243DAF0D00713D1A /* _226_翻转二叉树.swift */,
			);
			path = "树";
			sourceTree = "<group>";
		};
		C8C6A65E2372B92300B3059D = {
			isa = PBXGroup;
			children = (
				C8C6A6692372B92300B3059D /* Algorithm */,
				C8C6A6682372B92300B3059D /* Products */,
			);
			sourceTree = "<group>";
		};
		C8C6A6682372B92300B3059D /* Products */ = {
			isa = PBXGroup;
			children = (
				C8C6A6672372B92300B3059D /* Algorithm */,
			);
			name = Products;
			sourceTree = "<group>";
		};
		C8C6A6692372B92300B3059D /* Algorithm */ = {
			isa = PBXGroup;
			children = (
				C8B6A72C2425EDFE00C03EED /* Algorithm.playground */,
				C8C6A66A2372B92300B3059D /* main.swift */,
				C8656ED8243DCADE00713D1A /* 获取最大公约数.swift */,
				C86093122429A5680058DA6F /* 队列 */,
				C860931B2429A5680058DA6F /* 滑动窗口问题 */,
				C860931D2429A5680058DA6F /* 链表 */,
				C86093162429A5680058DA6F /* 排序_数组 */,
				C860933F242AEFAC0058DA6F /* 排序算法(10 大排序算法) */,
				C8656ECB243D972600713D1A /* 树 */,
				C86093252429A5680058DA6F /* 栈 */,
			);
			path = Algorithm;
			sourceTree = "<group>";
		};
/* End PBXGroup section */

/* Begin PBXNativeTarget section */
		C8C6A6662372B92300B3059D /* Algorithm */ = {
			isa = PBXNativeTarget;
			buildConfigurationList = C8C6A66E2372B92300B3059D /* Build configuration list for PBXNativeTarget "Algorithm" */;
			buildPhases = (
				C8C6A6632372B92300B3059D /* Sources */,
				C8C6A6642372B92300B3059D /* Frameworks */,
				C8C6A6652372B92300B3059D /* CopyFiles */,
			);
			buildRules = (
			);
			dependencies = (
			);
			name = Algorithm;
			productName = Algorithm;
			productReference = C8C6A6672372B92300B3059D /* Algorithm */;
			productType = "com.apple.product-type.tool";
		};
/* End PBXNativeTarget section */

/* Begin PBXProject section */
		C8C6A65F2372B92300B3059D /* Project object */ = {
			isa = PBXProject;
			attributes = {
				LastSwiftUpdateCheck = 1120;
				LastUpgradeCheck = 1130;
				ORGANIZATIONNAME = duzj;
				TargetAttributes = {
					C8C6A6662372B92300B3059D = {
						CreatedOnToolsVersion = 11.2;
					};
				};
			};
			buildConfigurationList = C8C6A6622372B92300B3059D /* Build configuration list for PBXProject "Algorithm" */;
			compatibilityVersion = "Xcode 9.3";
			developmentRegion = en;
			hasScannedForEncodings = 0;
			knownRegions = (
				en,
				Base,
			);
			mainGroup = C8C6A65E2372B92300B3059D;
			productRefGroup = C8C6A6682372B92300B3059D /* Products */;
			projectDirPath = "";
			projectRoot = "";
			targets = (
				C8C6A6662372B92300B3059D /* Algorithm */,
			);
		};
/* End PBXProject section */

/* Begin PBXSourcesBuildPhase section */
		C8C6A6632372B92300B3059D /* Sources */ = {
			isa = PBXSourcesBuildPhase;
			buildActionMask = 2147483647;
			files = (
				C860932C2429A5680058DA6F /* _232_用栈实现队列.swift in Sources */,
				C8609341242AF0480058DA6F /* 冒泡排序.swift in Sources */,
				C8609349242B57BF0058DA6F /* 归并排序.swift in Sources */,
				C86093372429A5680058DA6F /* _876_链表的中间结点.swift in Sources */,
				C8609345242B1AD20058DA6F /* 堆排序.swift in Sources */,
				C8C6A66B2372B92300B3059D /* main.swift in Sources */,
				C860933C2429A5680058DA6F /* _150_逆波兰表达式求值.swift in Sources */,
				C8656ECF243DAE6800713D1A /* TreeNode.swift in Sources */,
				C86093392429A5680058DA6F /* _83_删除排序链表中的重复元素.swift in Sources */,
				C86093322429A5680058DA6F /* _3_无重复字符的最长子串.swift in Sources */,
				C8656ED9243DCADE00713D1A /* 获取最大公约数.swift in Sources */,
				C86093302429A5680058DA6F /* _88_合并两个有序数组.swift in Sources */,
				C860933D2429A5680058DA6F /* _224_基本计算器.swift in Sources */,
				C86093332429A5680058DA6F /* _234_回文链表.swift in Sources */,
				C8609347242B4BC80058DA6F /* 插入排序.swift in Sources */,
				C860933A2429A5680058DA6F /* _20_有效的括号.swift in Sources */,
				C8656ECD243D976200713D1A /* BinarySearchTree.swift in Sources */,
				C86093312429A5680058DA6F /* _164_最大间距.swift in Sources */,
				C8656ED1243DAF0D00713D1A /* _226_翻转二叉树.swift in Sources */,
				C86093342429A5680058DA6F /* _203_移除链表元素.swift in Sources */,
				C8ADF6B7243F053300E355E5 /* BinaryTree.swift in Sources */,
				C860933B2429A5680058DA6F /* Stack.swift in Sources */,
				C860933E2429A5680058DA6F /* _856_括号的分数.swift in Sources */,
				C8ADF6B9243F1F5000E355E5 /* _面试题_10_01_合并排序的数组.swift in Sources */,
				C86093352429A5680058DA6F /* _206_反转链表.swift in Sources */,
				C86093362429A5680058DA6F /* ListNode.swift in Sources */,
				C860932F2429A5680058DA6F /* _面试题_16_16_部分排序.swift in Sources */,
				C86093382429A5680058DA6F /* _141_环形链表.swift in Sources */,
				C860932B2429A5680058DA6F /* _225_用队列实现栈.swift in Sources */,
				C860932D2429A5680058DA6F /* Queue.swift in Sources */,
				C8609343242B082C0058DA6F /* 选择排序.swift in Sources */,
				C860932E2429A5680058DA6F /* _75_颜色分类.swift in Sources */,
			);
			runOnlyForDeploymentPostprocessing = 0;
		};
/* End PBXSourcesBuildPhase section */

/* Begin XCBuildConfiguration section */
		C8C6A66C2372B92300B3059D /* Debug */ = {
			isa = XCBuildConfiguration;
			buildSettings = {
				ALWAYS_SEARCH_USER_PATHS = NO;
				CLANG_ANALYZER_NONNULL = YES;
				CLANG_ANALYZER_NUMBER_OBJECT_CONVERSION = YES_AGGRESSIVE;
				CLANG_CXX_LANGUAGE_STANDARD = "gnu++14";
				CLANG_CXX_LIBRARY = "libc++";
				CLANG_ENABLE_MODULES = YES;
				CLANG_ENABLE_OBJC_ARC = YES;
				CLANG_ENABLE_OBJC_WEAK = YES;
				CLANG_WARN_BLOCK_CAPTURE_AUTORELEASING = YES;
				CLANG_WARN_BOOL_CONVERSION = YES;
				CLANG_WARN_COMMA = YES;
				CLANG_WARN_CONSTANT_CONVERSION = YES;
				CLANG_WARN_DEPRECATED_OBJC_IMPLEMENTATIONS = YES;
				CLANG_WARN_DIRECT_OBJC_ISA_USAGE = YES_ERROR;
				CLANG_WARN_DOCUMENTATION_COMMENTS = YES;
				CLANG_WARN_EMPTY_BODY = YES;
				CLANG_WARN_ENUM_CONVERSION = YES;
				CLANG_WARN_INFINITE_RECURSION = YES;
				CLANG_WARN_INT_CONVERSION = YES;
				CLANG_WARN_NON_LITERAL_NULL_CONVERSION = YES;
				CLANG_WARN_OBJC_IMPLICIT_RETAIN_SELF = YES;
				CLANG_WARN_OBJC_LITERAL_CONVERSION = YES;
				CLANG_WARN_OBJC_ROOT_CLASS = YES_ERROR;
				CLANG_WARN_RANGE_LOOP_ANALYSIS = YES;
				CLANG_WARN_STRICT_PROTOTYPES = YES;
				CLANG_WARN_SUSPICIOUS_MOVE = YES;
				CLANG_WARN_UNGUARDED_AVAILABILITY = YES_AGGRESSIVE;
				CLANG_WARN_UNREACHABLE_CODE = YES;
				CLANG_WARN__DUPLICATE_METHOD_MATCH = YES;
				COPY_PHASE_STRIP = NO;
				DEBUG_INFORMATION_FORMAT = dwarf;
				ENABLE_STRICT_OBJC_MSGSEND = YES;
				ENABLE_TESTABILITY = YES;
				GCC_C_LANGUAGE_STANDARD = gnu11;
				GCC_DYNAMIC_NO_PIC = NO;
				GCC_NO_COMMON_BLOCKS = YES;
				GCC_OPTIMIZATION_LEVEL = 0;
				GCC_PREPROCESSOR_DEFINITIONS = (
					"DEBUG=1",
					"$(inherited)",
				);
				GCC_WARN_64_TO_32_BIT_CONVERSION = YES;
				GCC_WARN_ABOUT_RETURN_TYPE = YES_ERROR;
				GCC_WARN_UNDECLARED_SELECTOR = YES;
				GCC_WARN_UNINITIALIZED_AUTOS = YES_AGGRESSIVE;
				GCC_WARN_UNUSED_FUNCTION = YES;
				GCC_WARN_UNUSED_VARIABLE = YES;
				MACOSX_DEPLOYMENT_TARGET = 10.15;
				MTL_ENABLE_DEBUG_INFO = INCLUDE_SOURCE;
				MTL_FAST_MATH = YES;
				ONLY_ACTIVE_ARCH = YES;
				SDKROOT = macosx;
				SWIFT_ACTIVE_COMPILATION_CONDITIONS = DEBUG;
				SWIFT_OPTIMIZATION_LEVEL = "-Onone";
			};
			name = Debug;
		};
		C8C6A66D2372B92300B3059D /* Release */ = {
			isa = XCBuildConfiguration;
			buildSettings = {
				ALWAYS_SEARCH_USER_PATHS = NO;
				CLANG_ANALYZER_NONNULL = YES;
				CLANG_ANALYZER_NUMBER_OBJECT_CONVERSION = YES_AGGRESSIVE;
				CLANG_CXX_LANGUAGE_STANDARD = "gnu++14";
				CLANG_CXX_LIBRARY = "libc++";
				CLANG_ENABLE_MODULES = YES;
				CLANG_ENABLE_OBJC_ARC = YES;
				CLANG_ENABLE_OBJC_WEAK = YES;
				CLANG_WARN_BLOCK_CAPTURE_AUTORELEASING = YES;
				CLANG_WARN_BOOL_CONVERSION = YES;
				CLANG_WARN_COMMA = YES;
				CLANG_WARN_CONSTANT_CONVERSION = YES;
				CLANG_WARN_DEPRECATED_OBJC_IMPLEMENTATIONS = YES;
				CLANG_WARN_DIRECT_OBJC_ISA_USAGE = YES_ERROR;
				CLANG_WARN_DOCUMENTATION_COMMENTS = YES;
				CLANG_WARN_EMPTY_BODY = YES;
				CLANG_WARN_ENUM_CONVERSION = YES;
				CLANG_WARN_INFINITE_RECURSION = YES;
				CLANG_WARN_INT_CONVERSION = YES;
				CLANG_WARN_NON_LITERAL_NULL_CONVERSION = YES;
				CLANG_WARN_OBJC_IMPLICIT_RETAIN_SELF = YES;
				CLANG_WARN_OBJC_LITERAL_CONVERSION = YES;
				CLANG_WARN_OBJC_ROOT_CLASS = YES_ERROR;
				CLANG_WARN_RANGE_LOOP_ANALYSIS = YES;
				CLANG_WARN_STRICT_PROTOTYPES = YES;
				CLANG_WARN_SUSPICIOUS_MOVE = YES;
				CLANG_WARN_UNGUARDED_AVAILABILITY = YES_AGGRESSIVE;
				CLANG_WARN_UNREACHABLE_CODE = YES;
				CLANG_WARN__DUPLICATE_METHOD_MATCH = YES;
				COPY_PHASE_STRIP = NO;
				DEBUG_INFORMATION_FORMAT = "dwarf-with-dsym";
				ENABLE_NS_ASSERTIONS = NO;
				ENABLE_STRICT_OBJC_MSGSEND = YES;
				GCC_C_LANGUAGE_STANDARD = gnu11;
				GCC_NO_COMMON_BLOCKS = YES;
				GCC_WARN_64_TO_32_BIT_CONVERSION = YES;
				GCC_WARN_ABOUT_RETURN_TYPE = YES_ERROR;
				GCC_WARN_UNDECLARED_SELECTOR = YES;
				GCC_WARN_UNINITIALIZED_AUTOS = YES_AGGRESSIVE;
				GCC_WARN_UNUSED_FUNCTION = YES;
				GCC_WARN_UNUSED_VARIABLE = YES;
				MACOSX_DEPLOYMENT_TARGET = 10.15;
				MTL_ENABLE_DEBUG_INFO = NO;
				MTL_FAST_MATH = YES;
				SDKROOT = macosx;
				SWIFT_COMPILATION_MODE = wholemodule;
				SWIFT_OPTIMIZATION_LEVEL = "-O";
			};
			name = Release;
		};
		C8C6A66F2372B92300B3059D /* Debug */ = {
			isa = XCBuildConfiguration;
			buildSettings = {
				CODE_SIGN_IDENTITY = "-";
				CODE_SIGN_STYLE = Automatic;
				PRODUCT_NAME = "$(TARGET_NAME)";
				SWIFT_VERSION = 5.0;
			};
			name = Debug;
		};
		C8C6A6702372B92300B3059D /* Release */ = {
			isa = XCBuildConfiguration;
			buildSettings = {
				CODE_SIGN_IDENTITY = "-";
				CODE_SIGN_STYLE = Automatic;
				PRODUCT_NAME = "$(TARGET_NAME)";
				SWIFT_VERSION = 5.0;
			};
			name = Release;
		};
/* End XCBuildConfiguration section */

/* Begin XCConfigurationList section */
		C8C6A6622372B92300B3059D /* Build configuration list for PBXProject "Algorithm" */ = {
			isa = XCConfigurationList;
			buildConfigurations = (
				C8C6A66C2372B92300B3059D /* Debug */,
				C8C6A66D2372B92300B3059D /* Release */,
			);
			defaultConfigurationIsVisible = 0;
			defaultConfigurationName = Release;
		};
		C8C6A66E2372B92300B3059D /* Build configuration list for PBXNativeTarget "Algorithm" */ = {
			isa = XCConfigurationList;
			buildConfigurations = (
				C8C6A66F2372B92300B3059D /* Debug */,
				C8C6A6702372B92300B3059D /* Release */,
			);
			defaultConfigurationIsVisible = 0;
			defaultConfigurationName = Release;
		};
/* End XCConfigurationList section */
	};
	rootObject = C8C6A65F2372B92300B3059D /* Project object */;
}
