// !$*UTF8*$!
{
	archiveVersion = 1;
	classes = {
	};
	objectVersion = 50;
	objects = {

/* Begin PBXBuildFile section */
		C8B6A6EC2425BFA400C03EED /* _141_环形链表.swift in Sources */ = {isa = PBXBuildFile; fileRef = C8B6A6EB2425BFA400C03EED /* _141_环形链表.swift */; };
		C8B6A72B2425C24500C03EED /* ListNode.swift in Sources */ = {isa = PBXBuildFile; fileRef = C8B6A72A2425C24500C03EED /* ListNode.swift */; };
		C8B6A72E2425F28700C03EED /* _203_移除链表元素.swift in Sources */ = {isa = PBXBuildFile; fileRef = C8B6A72D2425F28700C03EED /* _203_移除链表元素.swift */; };
		C8B6A7302425FCDE00C03EED /* _83_删除排序链表中的重复元素.swift in Sources */ = {isa = PBXBuildFile; fileRef = C8B6A72F2425FCDE00C03EED /* _83_删除排序链表中的重复元素.swift */; };
		C8B6A7322426060900C03EED /* _876_链表的中间结点.swift in Sources */ = {isa = PBXBuildFile; fileRef = C8B6A7312426060900C03EED /* _876_链表的中间结点.swift */; };
		C8B6A73424260AE100C03EED /* _234_回文链表.swift in Sources */ = {isa = PBXBuildFile; fileRef = C8B6A73324260AE100C03EED /* _234_回文链表.swift */; };
		C8B6A736242612AA00C03EED /* _206_反转链表.swift in Sources */ = {isa = PBXBuildFile; fileRef = C8B6A735242612AA00C03EED /* _206_反转链表.swift */; };
		C8C6A66B2372B92300B3059D /* main.swift in Sources */ = {isa = PBXBuildFile; fileRef = C8C6A66A2372B92300B3059D /* main.swift */; };
/* End PBXBuildFile section */

/* Begin PBXCopyFilesBuildPhase section */
		C8C6A6652372B92300B3059D /* CopyFiles */ = {
			isa = PBXCopyFilesBuildPhase;
			buildActionMask = 2147483647;
			dstPath = /usr/share/man/man1/;
			dstSubfolderSpec = 0;
			files = (
			);
			runOnlyForDeploymentPostprocessing = 1;
		};
/* End PBXCopyFilesBuildPhase section */

/* Begin PBXFileReference section */
		C8B6A6EB2425BFA400C03EED /* _141_环形链表.swift */ = {isa = PBXFileReference; lastKnownFileType = sourcecode.swift; path = "_141_环形链表.swift"; sourceTree = "<group>"; };
		C8B6A72A2425C24500C03EED /* ListNode.swift */ = {isa = PBXFileReference; lastKnownFileType = sourcecode.swift; path = ListNode.swift; sourceTree = "<group>"; };
		C8B6A72C2425EDFE00C03EED /* Algorithm.playground */ = {isa = PBXFileReference; lastKnownFileType = file.playground; path = Algorithm.playground; sourceTree = "<group>"; };
		C8B6A72D2425F28700C03EED /* _203_移除链表元素.swift */ = {isa = PBXFileReference; lastKnownFileType = sourcecode.swift; path = "_203_移除链表元素.swift"; sourceTree = "<group>"; };
		C8B6A72F2425FCDE00C03EED /* _83_删除排序链表中的重复元素.swift */ = {isa = PBXFileReference; lastKnownFileType = sourcecode.swift; path = "_83_删除排序链表中的重复元素.swift"; sourceTree = "<group>"; };
		C8B6A7312426060900C03EED /* _876_链表的中间结点.swift */ = {isa = PBXFileReference; lastKnownFileType = sourcecode.swift; path = "_876_链表的中间结点.swift"; sourceTree = "<group>"; };
		C8B6A73324260AE100C03EED /* _234_回文链表.swift */ = {isa = PBXFileReference; lastKnownFileType = sourcecode.swift; path = "_234_回文链表.swift"; sourceTree = "<group>"; };
		C8B6A735242612AA00C03EED /* _206_反转链表.swift */ = {isa = PBXFileReference; lastKnownFileType = sourcecode.swift; path = "_206_反转链表.swift"; sourceTree = "<group>"; };
		C8C6A6672372B92300B3059D /* Algorithm */ = {isa = PBXFileReference; explicitFileType = "compiled.mach-o.executable"; includeInIndex = 0; path = Algorithm; sourceTree = BUILT_PRODUCTS_DIR; };
		C8C6A66A2372B92300B3059D /* main.swift */ = {isa = PBXFileReference; lastKnownFileType = sourcecode.swift; path = main.swift; sourceTree = "<group>"; };
/* End PBXFileReference section */

/* Begin PBXFrameworksBuildPhase section */
		C8C6A6642372B92300B3059D /* Frameworks */ = {
			isa = PBXFrameworksBuildPhase;
			buildActionMask = 2147483647;
			files = (
			);
			runOnlyForDeploymentPostprocessing = 0;
		};
/* End PBXFrameworksBuildPhase section */

/* Begin PBXGroup section */
		C8B6A6E92425BF3B00C03EED /* 链表 */ = {
			isa = PBXGroup;
			children = (
				C8B6A72A2425C24500C03EED /* ListNode.swift */,
				C8B6A6EB2425BFA400C03EED /* _141_环形链表.swift */,
				C8B6A72D2425F28700C03EED /* _203_移除链表元素.swift */,
				C8B6A72F2425FCDE00C03EED /* _83_删除排序链表中的重复元素.swift */,
				C8B6A7312426060900C03EED /* _876_链表的中间结点.swift */,
				C8B6A73324260AE100C03EED /* _234_回文链表.swift */,
				C8B6A735242612AA00C03EED /* _206_反转链表.swift */,
			);
			path = "链表";
			sourceTree = "<group>";
		};
		C8B6A6EA2425BF3B00C03EED /* 数组 */ = {
			isa = PBXGroup;
			children = (
			);
			path = "数组";
			sourceTree = "<group>";
		};
		C8C6A65E2372B92300B3059D = {
			isa = PBXGroup;
			children = (
				C8C6A6692372B92300B3059D /* Algorithm */,
				C8C6A6682372B92300B3059D /* Products */,
			);
			sourceTree = "<group>";
		};
		C8C6A6682372B92300B3059D /* Products */ = {
			isa = PBXGroup;
			children = (
				C8C6A6672372B92300B3059D /* Algorithm */,
			);
			name = Products;
			sourceTree = "<group>";
		};
		C8C6A6692372B92300B3059D /* Algorithm */ = {
			isa = PBXGroup;
			children = (
				C8B6A72C2425EDFE00C03EED /* Algorithm.playground */,
				C8C6A66A2372B92300B3059D /* main.swift */,
				C8B6A6E92425BF3B00C03EED /* 链表 */,
				C8B6A6EA2425BF3B00C03EED /* 数组 */,
			);
			path = Algorithm;
			sourceTree = "<group>";
		};
/* End PBXGroup section */

/* Begin PBXNativeTarget section */
		C8C6A6662372B92300B3059D /* Algorithm */ = {
			isa = PBXNativeTarget;
			buildConfigurationList = C8C6A66E2372B92300B3059D /* Build configuration list for PBXNativeTarget "Algorithm" */;
			buildPhases = (
				C8C6A6632372B92300B3059D /* Sources */,
				C8C6A6642372B92300B3059D /* Frameworks */,
				C8C6A6652372B92300B3059D /* CopyFiles */,
			);
			buildRules = (
			);
			dependencies = (
			);
			name = Algorithm;
			productName = Algorithm;
			productReference = C8C6A6672372B92300B3059D /* Algorithm */;
			productType = "com.apple.product-type.tool";
		};
/* End PBXNativeTarget section */

/* Begin PBXProject section */
		C8C6A65F2372B92300B3059D /* Project object */ = {
			isa = PBXProject;
			attributes = {
				LastSwiftUpdateCheck = 1120;
				LastUpgradeCheck = 1130;
				ORGANIZATIONNAME = duzj;
				TargetAttributes = {
					C8C6A6662372B92300B3059D = {
						CreatedOnToolsVersion = 11.2;
					};
				};
			};
			buildConfigurationList = C8C6A6622372B92300B3059D /* Build configuration list for PBXProject "Algorithm" */;
			compatibilityVersion = "Xcode 9.3";
			developmentRegion = en;
			hasScannedForEncodings = 0;
			knownRegions = (
				en,
				Base,
			);
			mainGroup = C8C6A65E2372B92300B3059D;
			productRefGroup = C8C6A6682372B92300B3059D /* Products */;
			projectDirPath = "";
			projectRoot = "";
			targets = (
				C8C6A6662372B92300B3059D /* Algorithm */,
			);
		};
/* End PBXProject section */

/* Begin PBXSourcesBuildPhase section */
		C8C6A6632372B92300B3059D /* Sources */ = {
			isa = PBXSourcesBuildPhase;
			buildActionMask = 2147483647;
			files = (
				C8B6A6EC2425BFA400C03EED /* _141_环形链表.swift in Sources */,
				C8B6A7322426060900C03EED /* _876_链表的中间结点.swift in Sources */,
				C8C6A66B2372B92300B3059D /* main.swift in Sources */,
				C8B6A73424260AE100C03EED /* _234_回文链表.swift in Sources */,
				C8B6A72B2425C24500C03EED /* ListNode.swift in Sources */,
				C8B6A72E2425F28700C03EED /* _203_移除链表元素.swift in Sources */,
				C8B6A7302425FCDE00C03EED /* _83_删除排序链表中的重复元素.swift in Sources */,
				C8B6A736242612AA00C03EED /* _206_反转链表.swift in Sources */,
			);
			runOnlyForDeploymentPostprocessing = 0;
		};
/* End PBXSourcesBuildPhase section */

/* Begin XCBuildConfiguration section */
		C8C6A66C2372B92300B3059D /* Debug */ = {
			isa = XCBuildConfiguration;
			buildSettings = {
				ALWAYS_SEARCH_USER_PATHS = NO;
				CLANG_ANALYZER_NONNULL = YES;
				CLANG_ANALYZER_NUMBER_OBJECT_CONVERSION = YES_AGGRESSIVE;
				CLANG_CXX_LANGUAGE_STANDARD = "gnu++14";
				CLANG_CXX_LIBRARY = "libc++";
				CLANG_ENABLE_MODULES = YES;
				CLANG_ENABLE_OBJC_ARC = YES;
				CLANG_ENABLE_OBJC_WEAK = YES;
				CLANG_WARN_BLOCK_CAPTURE_AUTORELEASING = YES;
				CLANG_WARN_BOOL_CONVERSION = YES;
				CLANG_WARN_COMMA = YES;
				CLANG_WARN_CONSTANT_CONVERSION = YES;
				CLANG_WARN_DEPRECATED_OBJC_IMPLEMENTATIONS = YES;
				CLANG_WARN_DIRECT_OBJC_ISA_USAGE = YES_ERROR;
				CLANG_WARN_DOCUMENTATION_COMMENTS = YES;
				CLANG_WARN_EMPTY_BODY = YES;
				CLANG_WARN_ENUM_CONVERSION = YES;
				CLANG_WARN_INFINITE_RECURSION = YES;
				CLANG_WARN_INT_CONVERSION = YES;
				CLANG_WARN_NON_LITERAL_NULL_CONVERSION = YES;
				CLANG_WARN_OBJC_IMPLICIT_RETAIN_SELF = YES;
				CLANG_WARN_OBJC_LITERAL_CONVERSION = YES;
				CLANG_WARN_OBJC_ROOT_CLASS = YES_ERROR;
				CLANG_WARN_RANGE_LOOP_ANALYSIS = YES;
				CLANG_WARN_STRICT_PROTOTYPES = YES;
				CLANG_WARN_SUSPICIOUS_MOVE = YES;
				CLANG_WARN_UNGUARDED_AVAILABILITY = YES_AGGRESSIVE;
				CLANG_WARN_UNREACHABLE_CODE = YES;
				CLANG_WARN__DUPLICATE_METHOD_MATCH = YES;
				COPY_PHASE_STRIP = NO;
				DEBUG_INFORMATION_FORMAT = dwarf;
				ENABLE_STRICT_OBJC_MSGSEND = YES;
				ENABLE_TESTABILITY = YES;
				GCC_C_LANGUAGE_STANDARD = gnu11;
				GCC_DYNAMIC_NO_PIC = NO;
				GCC_NO_COMMON_BLOCKS = YES;
				GCC_OPTIMIZATION_LEVEL = 0;
				GCC_PREPROCESSOR_DEFINITIONS = (
					"DEBUG=1",
					"$(inherited)",
				);
				GCC_WARN_64_TO_32_BIT_CONVERSION = YES;
				GCC_WARN_ABOUT_RETURN_TYPE = YES_ERROR;
				GCC_WARN_UNDECLARED_SELECTOR = YES;
				GCC_WARN_UNINITIALIZED_AUTOS = YES_AGGRESSIVE;
				GCC_WARN_UNUSED_FUNCTION = YES;
				GCC_WARN_UNUSED_VARIABLE = YES;
				MACOSX_DEPLOYMENT_TARGET = 10.15;
				MTL_ENABLE_DEBUG_INFO = INCLUDE_SOURCE;
				MTL_FAST_MATH = YES;
				ONLY_ACTIVE_ARCH = YES;
				SDKROOT = macosx;
				SWIFT_ACTIVE_COMPILATION_CONDITIONS = DEBUG;
				SWIFT_OPTIMIZATION_LEVEL = "-Onone";
			};
			name = Debug;
		};
		C8C6A66D2372B92300B3059D /* Release */ = {
			isa = XCBuildConfiguration;
			buildSettings = {
				ALWAYS_SEARCH_USER_PATHS = NO;
				CLANG_ANALYZER_NONNULL = YES;
				CLANG_ANALYZER_NUMBER_OBJECT_CONVERSION = YES_AGGRESSIVE;
				CLANG_CXX_LANGUAGE_STANDARD = "gnu++14";
				CLANG_CXX_LIBRARY = "libc++";
				CLANG_ENABLE_MODULES = YES;
				CLANG_ENABLE_OBJC_ARC = YES;
				CLANG_ENABLE_OBJC_WEAK = YES;
				CLANG_WARN_BLOCK_CAPTURE_AUTORELEASING = YES;
				CLANG_WARN_BOOL_CONVERSION = YES;
				CLANG_WARN_COMMA = YES;
				CLANG_WARN_CONSTANT_CONVERSION = YES;
				CLANG_WARN_DEPRECATED_OBJC_IMPLEMENTATIONS = YES;
				CLANG_WARN_DIRECT_OBJC_ISA_USAGE = YES_ERROR;
				CLANG_WARN_DOCUMENTATION_COMMENTS = YES;
				CLANG_WARN_EMPTY_BODY = YES;
				CLANG_WARN_ENUM_CONVERSION = YES;
				CLANG_WARN_INFINITE_RECURSION = YES;
				CLANG_WARN_INT_CONVERSION = YES;
				CLANG_WARN_NON_LITERAL_NULL_CONVERSION = YES;
				CLANG_WARN_OBJC_IMPLICIT_RETAIN_SELF = YES;
				CLANG_WARN_OBJC_LITERAL_CONVERSION = YES;
				CLANG_WARN_OBJC_ROOT_CLASS = YES_ERROR;
				CLANG_WARN_RANGE_LOOP_ANALYSIS = YES;
				CLANG_WARN_STRICT_PROTOTYPES = YES;
				CLANG_WARN_SUSPICIOUS_MOVE = YES;
				CLANG_WARN_UNGUARDED_AVAILABILITY = YES_AGGRESSIVE;
				CLANG_WARN_UNREACHABLE_CODE = YES;
				CLANG_WARN__DUPLICATE_METHOD_MATCH = YES;
				COPY_PHASE_STRIP = NO;
				DEBUG_INFORMATION_FORMAT = "dwarf-with-dsym";
				ENABLE_NS_ASSERTIONS = NO;
				ENABLE_STRICT_OBJC_MSGSEND = YES;
				GCC_C_LANGUAGE_STANDARD = gnu11;
				GCC_NO_COMMON_BLOCKS = YES;
				GCC_WARN_64_TO_32_BIT_CONVERSION = YES;
				GCC_WARN_ABOUT_RETURN_TYPE = YES_ERROR;
				GCC_WARN_UNDECLARED_SELECTOR = YES;
				GCC_WARN_UNINITIALIZED_AUTOS = YES_AGGRESSIVE;
				GCC_WARN_UNUSED_FUNCTION = YES;
				GCC_WARN_UNUSED_VARIABLE = YES;
				MACOSX_DEPLOYMENT_TARGET = 10.15;
				MTL_ENABLE_DEBUG_INFO = NO;
				MTL_FAST_MATH = YES;
				SDKROOT = macosx;
				SWIFT_COMPILATION_MODE = wholemodule;
				SWIFT_OPTIMIZATION_LEVEL = "-O";
			};
			name = Release;
		};
		C8C6A66F2372B92300B3059D /* Debug */ = {
			isa = XCBuildConfiguration;
			buildSettings = {
				CODE_SIGN_IDENTITY = "-";
				CODE_SIGN_STYLE = Automatic;
				PRODUCT_NAME = "$(TARGET_NAME)";
				SWIFT_VERSION = 5.0;
			};
			name = Debug;
		};
		C8C6A6702372B92300B3059D /* Release */ = {
			isa = XCBuildConfiguration;
			buildSettings = {
				CODE_SIGN_IDENTITY = "-";
				CODE_SIGN_STYLE = Automatic;
				PRODUCT_NAME = "$(TARGET_NAME)";
				SWIFT_VERSION = 5.0;
			};
			name = Release;
		};
/* End XCBuildConfiguration section */

/* Begin XCConfigurationList section */
		C8C6A6622372B92300B3059D /* Build configuration list for PBXProject "Algorithm" */ = {
			isa = XCConfigurationList;
			buildConfigurations = (
				C8C6A66C2372B92300B3059D /* Debug */,
				C8C6A66D2372B92300B3059D /* Release */,
			);
			defaultConfigurationIsVisible = 0;
			defaultConfigurationName = Release;
		};
		C8C6A66E2372B92300B3059D /* Build configuration list for PBXNativeTarget "Algorithm" */ = {
			isa = XCConfigurationList;
			buildConfigurations = (
				C8C6A66F2372B92300B3059D /* Debug */,
				C8C6A6702372B92300B3059D /* Release */,
			);
			defaultConfigurationIsVisible = 0;
			defaultConfigurationName = Release;
		};
/* End XCConfigurationList section */
	};
	rootObject = C8C6A65F2372B92300B3059D /* Project object */;
}
