// !$*UTF8*$!
{
	archiveVersion = 1;
	classes = {
	};
	objectVersion = 50;
	objects = {

/* Begin PBXBuildFile section */
		C82776F8244195FA00565E28 /* _230_二叉搜索树中第K小的元素.swift in Sources */ = {isa = PBXBuildFile; fileRef = C82776E8244195FA00565E28 /* _230_二叉搜索树中第K小的元素.swift */; };
		C82776F9244195FA00565E28 /* _450_删除二叉搜索树中的节点.swift in Sources */ = {isa = PBXBuildFile; fileRef = C82776E9244195FA00565E28 /* _450_删除二叉搜索树中的节点.swift */; };
		C82776FA244195FA00565E28 /* BinarySearchTree.swift in Sources */ = {isa = PBXBuildFile; fileRef = C82776EA244195FA00565E28 /* BinarySearchTree.swift */; };
		C82776FB244195FA00565E28 /* _700_二叉搜索树中的搜索.swift in Sources */ = {isa = PBXBuildFile; fileRef = C82776EB244195FA00565E28 /* _700_二叉搜索树中的搜索.swift */; };
		C82776FC244195FA00565E28 /* _938_二叉搜索树的范围和.swift in Sources */ = {isa = PBXBuildFile; fileRef = C82776EC244195FA00565E28 /* _938_二叉搜索树的范围和.swift */; };
		C82776FD244195FA00565E28 /* _173_二叉搜索树迭代器.swift in Sources */ = {isa = PBXBuildFile; fileRef = C82776ED244195FA00565E28 /* _173_二叉搜索树迭代器.swift */; };
		C82776FE244195FA00565E28 /* _108_将有序数组转换为二叉搜索树.swift in Sources */ = {isa = PBXBuildFile; fileRef = C82776EE244195FA00565E28 /* _108_将有序数组转换为二叉搜索树.swift */; };
		C82776FF244195FA00565E28 /* _98_验证二叉搜索树.swift in Sources */ = {isa = PBXBuildFile; fileRef = C82776EF244195FA00565E28 /* _98_验证二叉搜索树.swift */; };
		C8277700244195FA00565E28 /* _226_翻转二叉树.swift in Sources */ = {isa = PBXBuildFile; fileRef = C82776F0244195FA00565E28 /* _226_翻转二叉树.swift */; };
		C8277701244195FA00565E28 /* _99_恢复二叉搜索树.swift in Sources */ = {isa = PBXBuildFile; fileRef = C82776F1244195FA00565E28 /* _99_恢复二叉搜索树.swift */; };
		C8277702244195FA00565E28 /* _783_二叉搜索树结点最小距离.swift in Sources */ = {isa = PBXBuildFile; fileRef = C82776F2244195FA00565E28 /* _783_二叉搜索树结点最小距离.swift */; };
		C8277703244195FA00565E28 /* TreeNode.swift in Sources */ = {isa = PBXBuildFile; fileRef = C82776F3244195FA00565E28 /* TreeNode.swift */; };
		C8277704244195FA00565E28 /* _530_二叉搜索树的最小绝对差.swift in Sources */ = {isa = PBXBuildFile; fileRef = C82776F4244195FA00565E28 /* _530_二叉搜索树的最小绝对差.swift */; };
		C8277705244195FA00565E28 /* _235_二叉搜索树的最近公共祖先.swift in Sources */ = {isa = PBXBuildFile; fileRef = C82776F5244195FA00565E28 /* _235_二叉搜索树的最近公共祖先.swift */; };
		C8277706244195FA00565E28 /* _701_二叉搜索树中的插入操作.swift in Sources */ = {isa = PBXBuildFile; fileRef = C82776F6244195FA00565E28 /* _701_二叉搜索树中的插入操作.swift */; };
		C8277707244195FA00565E28 /* BinaryTree.swift in Sources */ = {isa = PBXBuildFile; fileRef = C82776F7244195FA00565E28 /* BinaryTree.swift */; };
		C8ABC4E92446A0FC00CE1B03 /* _面试题_10_11_峰与谷.swift in Sources */ = {isa = PBXBuildFile; fileRef = C8ABC4E82446A0FC00CE1B03 /* _面试题_10_11_峰与谷.swift */; };
		C8ADF790243F296300E355E5 /* _3_无重复字符的最长子串.swift in Sources */ = {isa = PBXBuildFile; fileRef = C8ADF763243F296200E355E5 /* _3_无重复字符的最长子串.swift */; };
		C8ADF791243F296300E355E5 /* _20_有效的括号.swift in Sources */ = {isa = PBXBuildFile; fileRef = C8ADF765243F296200E355E5 /* _20_有效的括号.swift */; };
		C8ADF792243F296300E355E5 /* Stack.swift in Sources */ = {isa = PBXBuildFile; fileRef = C8ADF766243F296200E355E5 /* Stack.swift */; };
		C8ADF793243F296300E355E5 /* _150_逆波兰表达式求值.swift in Sources */ = {isa = PBXBuildFile; fileRef = C8ADF767243F296200E355E5 /* _150_逆波兰表达式求值.swift */; };
		C8ADF794243F296300E355E5 /* _224_基本计算器.swift in Sources */ = {isa = PBXBuildFile; fileRef = C8ADF768243F296200E355E5 /* _224_基本计算器.swift */; };
		C8ADF795243F296300E355E5 /* _856_括号的分数.swift in Sources */ = {isa = PBXBuildFile; fileRef = C8ADF769243F296200E355E5 /* _856_括号的分数.swift */; };
		C8ADF796243F296300E355E5 /* _225_用队列实现栈.swift in Sources */ = {isa = PBXBuildFile; fileRef = C8ADF76B243F296200E355E5 /* _225_用队列实现栈.swift */; };
		C8ADF797243F296300E355E5 /* _232_用栈实现队列.swift in Sources */ = {isa = PBXBuildFile; fileRef = C8ADF76C243F296200E355E5 /* _232_用栈实现队列.swift */; };
		C8ADF798243F296300E355E5 /* Queue.swift in Sources */ = {isa = PBXBuildFile; fileRef = C8ADF76D243F296200E355E5 /* Queue.swift */; };
		C8ADF79D243F296300E355E5 /* main.swift in Sources */ = {isa = PBXBuildFile; fileRef = C8ADF773243F296200E355E5 /* main.swift */; };
		C8ADF79E243F296300E355E5 /* 归并排序.swift in Sources */ = {isa = PBXBuildFile; fileRef = C8ADF777243F296300E355E5 /* 归并排序.swift */; };
		C8ADF79F243F296300E355E5 /* 堆排序.swift in Sources */ = {isa = PBXBuildFile; fileRef = C8ADF778243F296300E355E5 /* 堆排序.swift */; };
		C8ADF7A0243F296300E355E5 /* 插入排序.swift in Sources */ = {isa = PBXBuildFile; fileRef = C8ADF779243F296300E355E5 /* 插入排序.swift */; };
		C8ADF7A1243F296300E355E5 /* 冒泡排序.swift in Sources */ = {isa = PBXBuildFile; fileRef = C8ADF77A243F296300E355E5 /* 冒泡排序.swift */; };
		C8ADF7A2243F296300E355E5 /* 快速排序.swift in Sources */ = {isa = PBXBuildFile; fileRef = C8ADF77B243F296300E355E5 /* 快速排序.swift */; };
		C8ADF7A3243F296300E355E5 /* 选择排序.swift in Sources */ = {isa = PBXBuildFile; fileRef = C8ADF77C243F296300E355E5 /* 选择排序.swift */; };
		C8ADF7A4243F296300E355E5 /* 希尔排序.swift in Sources */ = {isa = PBXBuildFile; fileRef = C8ADF77D243F296300E355E5 /* 希尔排序.swift */; };
		C8ADF7A5243F296300E355E5 /* _234_回文链表.swift in Sources */ = {isa = PBXBuildFile; fileRef = C8ADF77F243F296300E355E5 /* _234_回文链表.swift */; };
		C8ADF7A6243F296300E355E5 /* _203_移除链表元素.swift in Sources */ = {isa = PBXBuildFile; fileRef = C8ADF780243F296300E355E5 /* _203_移除链表元素.swift */; };
		C8ADF7A7243F296300E355E5 /* _206_反转链表.swift in Sources */ = {isa = PBXBuildFile; fileRef = C8ADF781243F296300E355E5 /* _206_反转链表.swift */; };
		C8ADF7A8243F296300E355E5 /* ListNode.swift in Sources */ = {isa = PBXBuildFile; fileRef = C8ADF782243F296300E355E5 /* ListNode.swift */; };
		C8ADF7A9243F296300E355E5 /* _876_链表的中间结点.swift in Sources */ = {isa = PBXBuildFile; fileRef = C8ADF783243F296300E355E5 /* _876_链表的中间结点.swift */; };
		C8ADF7AA243F296300E355E5 /* _141_环形链表.swift in Sources */ = {isa = PBXBuildFile; fileRef = C8ADF784243F296300E355E5 /* _141_环形链表.swift */; };
		C8ADF7AB243F296300E355E5 /* _83_删除排序链表中的重复元素.swift in Sources */ = {isa = PBXBuildFile; fileRef = C8ADF785243F296300E355E5 /* _83_删除排序链表中的重复元素.swift */; };
		C8ADF7AC243F296300E355E5 /* 获取最大公约数.swift in Sources */ = {isa = PBXBuildFile; fileRef = C8ADF786243F296300E355E5 /* 获取最大公约数.swift */; };
		C8ADF7AD243F296300E355E5 /* _21_合并两个有序链表.swift in Sources */ = {isa = PBXBuildFile; fileRef = C8ADF788243F296300E355E5 /* _21_合并两个有序链表.swift */; };
		C8ADF7AE243F296300E355E5 /* _23_合并K个排序链表.swift in Sources */ = {isa = PBXBuildFile; fileRef = C8ADF789243F296300E355E5 /* _23_合并K个排序链表.swift */; };
		C8ADF7AF243F296300E355E5 /* _75_颜色分类.swift in Sources */ = {isa = PBXBuildFile; fileRef = C8ADF78B243F296300E355E5 /* _75_颜色分类.swift */; };
		C8ADF7B0243F296300E355E5 /* _面试题_16_16_部分排序.swift in Sources */ = {isa = PBXBuildFile; fileRef = C8ADF78C243F296300E355E5 /* _面试题_16_16_部分排序.swift */; };
		C8ADF7B1243F296300E355E5 /* _88_合并两个有序数组.swift in Sources */ = {isa = PBXBuildFile; fileRef = C8ADF78D243F296300E355E5 /* _88_合并两个有序数组.swift */; };
		C8ADF7B2243F296300E355E5 /* _164_最大间距.swift in Sources */ = {isa = PBXBuildFile; fileRef = C8ADF78E243F296300E355E5 /* _164_最大间距.swift */; };
		C8ADF7B3243F296300E355E5 /* _面试题_10_01_合并排序的数组.swift in Sources */ = {isa = PBXBuildFile; fileRef = C8ADF78F243F296300E355E5 /* _面试题_10_01_合并排序的数组.swift */; };
		C8ADF7CD243F2F0000E355E5 /* _69_x的平方根.swift in Sources */ = {isa = PBXBuildFile; fileRef = C8ADF7CC243F2F0000E355E5 /* _69_x的平方根.swift */; };
/* End PBXBuildFile section */

/* Begin PBXCopyFilesBuildPhase section */
		C8C6A6652372B92300B3059D /* CopyFiles */ = {
			isa = PBXCopyFilesBuildPhase;
			buildActionMask = 2147483647;
			dstPath = /usr/share/man/man1/;
			dstSubfolderSpec = 0;
			files = (
			);
			runOnlyForDeploymentPostprocessing = 1;
		};
/* End PBXCopyFilesBuildPhase section */

/* Begin PBXFileReference section */
		C82776E8244195FA00565E28 /* _230_二叉搜索树中第K小的元素.swift */ = {isa = PBXFileReference; fileEncoding = 4; lastKnownFileType = sourcecode.swift; path = "_230_二叉搜索树中第K小的元素.swift"; sourceTree = "<group>"; };
		C82776E9244195FA00565E28 /* _450_删除二叉搜索树中的节点.swift */ = {isa = PBXFileReference; fileEncoding = 4; lastKnownFileType = sourcecode.swift; path = "_450_删除二叉搜索树中的节点.swift"; sourceTree = "<group>"; };
		C82776EA244195FA00565E28 /* BinarySearchTree.swift */ = {isa = PBXFileReference; fileEncoding = 4; lastKnownFileType = sourcecode.swift; path = BinarySearchTree.swift; sourceTree = "<group>"; };
		C82776EB244195FA00565E28 /* _700_二叉搜索树中的搜索.swift */ = {isa = PBXFileReference; fileEncoding = 4; lastKnownFileType = sourcecode.swift; path = "_700_二叉搜索树中的搜索.swift"; sourceTree = "<group>"; };
		C82776EC244195FA00565E28 /* _938_二叉搜索树的范围和.swift */ = {isa = PBXFileReference; fileEncoding = 4; lastKnownFileType = sourcecode.swift; path = "_938_二叉搜索树的范围和.swift"; sourceTree = "<group>"; };
		C82776ED244195FA00565E28 /* _173_二叉搜索树迭代器.swift */ = {isa = PBXFileReference; fileEncoding = 4; lastKnownFileType = sourcecode.swift; path = "_173_二叉搜索树迭代器.swift"; sourceTree = "<group>"; };
		C82776EE244195FA00565E28 /* _108_将有序数组转换为二叉搜索树.swift */ = {isa = PBXFileReference; fileEncoding = 4; lastKnownFileType = sourcecode.swift; path = "_108_将有序数组转换为二叉搜索树.swift"; sourceTree = "<group>"; };
		C82776EF244195FA00565E28 /* _98_验证二叉搜索树.swift */ = {isa = PBXFileReference; fileEncoding = 4; lastKnownFileType = sourcecode.swift; path = "_98_验证二叉搜索树.swift"; sourceTree = "<group>"; };
		C82776F0244195FA00565E28 /* _226_翻转二叉树.swift */ = {isa = PBXFileReference; fileEncoding = 4; lastKnownFileType = sourcecode.swift; path = "_226_翻转二叉树.swift"; sourceTree = "<group>"; };
		C82776F1244195FA00565E28 /* _99_恢复二叉搜索树.swift */ = {isa = PBXFileReference; fileEncoding = 4; lastKnownFileType = sourcecode.swift; path = "_99_恢复二叉搜索树.swift"; sourceTree = "<group>"; };
		C82776F2244195FA00565E28 /* _783_二叉搜索树结点最小距离.swift */ = {isa = PBXFileReference; fileEncoding = 4; lastKnownFileType = sourcecode.swift; path = "_783_二叉搜索树结点最小距离.swift"; sourceTree = "<group>"; };
		C82776F3244195FA00565E28 /* TreeNode.swift */ = {isa = PBXFileReference; fileEncoding = 4; lastKnownFileType = sourcecode.swift; path = TreeNode.swift; sourceTree = "<group>"; };
		C82776F4244195FA00565E28 /* _530_二叉搜索树的最小绝对差.swift */ = {isa = PBXFileReference; fileEncoding = 4; lastKnownFileType = sourcecode.swift; path = "_530_二叉搜索树的最小绝对差.swift"; sourceTree = "<group>"; };
		C82776F5244195FA00565E28 /* _235_二叉搜索树的最近公共祖先.swift */ = {isa = PBXFileReference; fileEncoding = 4; lastKnownFileType = sourcecode.swift; path = "_235_二叉搜索树的最近公共祖先.swift"; sourceTree = "<group>"; };
		C82776F6244195FA00565E28 /* _701_二叉搜索树中的插入操作.swift */ = {isa = PBXFileReference; fileEncoding = 4; lastKnownFileType = sourcecode.swift; path = "_701_二叉搜索树中的插入操作.swift"; sourceTree = "<group>"; };
		C82776F7244195FA00565E28 /* BinaryTree.swift */ = {isa = PBXFileReference; fileEncoding = 4; lastKnownFileType = sourcecode.swift; path = BinaryTree.swift; sourceTree = "<group>"; };
		C8ABC4E82446A0FC00CE1B03 /* _面试题_10_11_峰与谷.swift */ = {isa = PBXFileReference; lastKnownFileType = sourcecode.swift; path = "_面试题_10_11_峰与谷.swift"; sourceTree = "<group>"; };
		C8ADF763243F296200E355E5 /* _3_无重复字符的最长子串.swift */ = {isa = PBXFileReference; fileEncoding = 4; lastKnownFileType = sourcecode.swift; path = "_3_无重复字符的最长子串.swift"; sourceTree = "<group>"; };
		C8ADF765243F296200E355E5 /* _20_有效的括号.swift */ = {isa = PBXFileReference; fileEncoding = 4; lastKnownFileType = sourcecode.swift; path = "_20_有效的括号.swift"; sourceTree = "<group>"; };
		C8ADF766243F296200E355E5 /* Stack.swift */ = {isa = PBXFileReference; fileEncoding = 4; lastKnownFileType = sourcecode.swift; path = Stack.swift; sourceTree = "<group>"; };
		C8ADF767243F296200E355E5 /* _150_逆波兰表达式求值.swift */ = {isa = PBXFileReference; fileEncoding = 4; lastKnownFileType = sourcecode.swift; path = "_150_逆波兰表达式求值.swift"; sourceTree = "<group>"; };
		C8ADF768243F296200E355E5 /* _224_基本计算器.swift */ = {isa = PBXFileReference; fileEncoding = 4; lastKnownFileType = sourcecode.swift; path = "_224_基本计算器.swift"; sourceTree = "<group>"; };
		C8ADF769243F296200E355E5 /* _856_括号的分数.swift */ = {isa = PBXFileReference; fileEncoding = 4; lastKnownFileType = sourcecode.swift; path = "_856_括号的分数.swift"; sourceTree = "<group>"; };
		C8ADF76B243F296200E355E5 /* _225_用队列实现栈.swift */ = {isa = PBXFileReference; fileEncoding = 4; lastKnownFileType = sourcecode.swift; path = "_225_用队列实现栈.swift"; sourceTree = "<group>"; };
		C8ADF76C243F296200E355E5 /* _232_用栈实现队列.swift */ = {isa = PBXFileReference; fileEncoding = 4; lastKnownFileType = sourcecode.swift; path = "_232_用栈实现队列.swift"; sourceTree = "<group>"; };
		C8ADF76D243F296200E355E5 /* Queue.swift */ = {isa = PBXFileReference; fileEncoding = 4; lastKnownFileType = sourcecode.swift; path = Queue.swift; sourceTree = "<group>"; };
		C8ADF773243F296200E355E5 /* main.swift */ = {isa = PBXFileReference; fileEncoding = 4; lastKnownFileType = sourcecode.swift; path = main.swift; sourceTree = "<group>"; };
		C8ADF774243F296200E355E5 /* Algorithm-Bridging-Header.h */ = {isa = PBXFileReference; fileEncoding = 4; lastKnownFileType = sourcecode.c.h; path = "Algorithm-Bridging-Header.h"; sourceTree = "<group>"; };
		C8ADF775243F296200E355E5 /* Algorithm.playground */ = {isa = PBXFileReference; lastKnownFileType = file.playground; path = Algorithm.playground; sourceTree = "<group>"; };
		C8ADF777243F296300E355E5 /* 归并排序.swift */ = {isa = PBXFileReference; fileEncoding = 4; lastKnownFileType = sourcecode.swift; path = "归并排序.swift"; sourceTree = "<group>"; };
		C8ADF778243F296300E355E5 /* 堆排序.swift */ = {isa = PBXFileReference; fileEncoding = 4; lastKnownFileType = sourcecode.swift; path = "堆排序.swift"; sourceTree = "<group>"; };
		C8ADF779243F296300E355E5 /* 插入排序.swift */ = {isa = PBXFileReference; fileEncoding = 4; lastKnownFileType = sourcecode.swift; path = "插入排序.swift"; sourceTree = "<group>"; };
		C8ADF77A243F296300E355E5 /* 冒泡排序.swift */ = {isa = PBXFileReference; fileEncoding = 4; lastKnownFileType = sourcecode.swift; path = "冒泡排序.swift"; sourceTree = "<group>"; };
		C8ADF77B243F296300E355E5 /* 快速排序.swift */ = {isa = PBXFileReference; fileEncoding = 4; lastKnownFileType = sourcecode.swift; path = "快速排序.swift"; sourceTree = "<group>"; };
		C8ADF77C243F296300E355E5 /* 选择排序.swift */ = {isa = PBXFileReference; fileEncoding = 4; lastKnownFileType = sourcecode.swift; path = "选择排序.swift"; sourceTree = "<group>"; };
		C8ADF77D243F296300E355E5 /* 希尔排序.swift */ = {isa = PBXFileReference; fileEncoding = 4; lastKnownFileType = sourcecode.swift; path = "希尔排序.swift"; sourceTree = "<group>"; };
		C8ADF77F243F296300E355E5 /* _234_回文链表.swift */ = {isa = PBXFileReference; fileEncoding = 4; lastKnownFileType = sourcecode.swift; path = "_234_回文链表.swift"; sourceTree = "<group>"; };
		C8ADF780243F296300E355E5 /* _203_移除链表元素.swift */ = {isa = PBXFileReference; fileEncoding = 4; lastKnownFileType = sourcecode.swift; path = "_203_移除链表元素.swift"; sourceTree = "<group>"; };
		C8ADF781243F296300E355E5 /* _206_反转链表.swift */ = {isa = PBXFileReference; fileEncoding = 4; lastKnownFileType = sourcecode.swift; path = "_206_反转链表.swift"; sourceTree = "<group>"; };
		C8ADF782243F296300E355E5 /* ListNode.swift */ = {isa = PBXFileReference; fileEncoding = 4; lastKnownFileType = sourcecode.swift; path = ListNode.swift; sourceTree = "<group>"; };
		C8ADF783243F296300E355E5 /* _876_链表的中间结点.swift */ = {isa = PBXFileReference; fileEncoding = 4; lastKnownFileType = sourcecode.swift; path = "_876_链表的中间结点.swift"; sourceTree = "<group>"; };
		C8ADF784243F296300E355E5 /* _141_环形链表.swift */ = {isa = PBXFileReference; fileEncoding = 4; lastKnownFileType = sourcecode.swift; path = "_141_环形链表.swift"; sourceTree = "<group>"; };
		C8ADF785243F296300E355E5 /* _83_删除排序链表中的重复元素.swift */ = {isa = PBXFileReference; fileEncoding = 4; lastKnownFileType = sourcecode.swift; path = "_83_删除排序链表中的重复元素.swift"; sourceTree = "<group>"; };
		C8ADF786243F296300E355E5 /* 获取最大公约数.swift */ = {isa = PBXFileReference; fileEncoding = 4; lastKnownFileType = sourcecode.swift; path = "获取最大公约数.swift"; sourceTree = "<group>"; };
		C8ADF788243F296300E355E5 /* _21_合并两个有序链表.swift */ = {isa = PBXFileReference; fileEncoding = 4; lastKnownFileType = sourcecode.swift; path = "_21_合并两个有序链表.swift"; sourceTree = "<group>"; };
		C8ADF789243F296300E355E5 /* _23_合并K个排序链表.swift */ = {isa = PBXFileReference; fileEncoding = 4; lastKnownFileType = sourcecode.swift; path = "_23_合并K个排序链表.swift"; sourceTree = "<group>"; };
		C8ADF78B243F296300E355E5 /* _75_颜色分类.swift */ = {isa = PBXFileReference; fileEncoding = 4; lastKnownFileType = sourcecode.swift; path = "_75_颜色分类.swift"; sourceTree = "<group>"; };
		C8ADF78C243F296300E355E5 /* _面试题_16_16_部分排序.swift */ = {isa = PBXFileReference; fileEncoding = 4; lastKnownFileType = sourcecode.swift; path = "_面试题_16_16_部分排序.swift"; sourceTree = "<group>"; };
		C8ADF78D243F296300E355E5 /* _88_合并两个有序数组.swift */ = {isa = PBXFileReference; fileEncoding = 4; lastKnownFileType = sourcecode.swift; path = "_88_合并两个有序数组.swift"; sourceTree = "<group>"; };
		C8ADF78E243F296300E355E5 /* _164_最大间距.swift */ = {isa = PBXFileReference; fileEncoding = 4; lastKnownFileType = sourcecode.swift; path = "_164_最大间距.swift"; sourceTree = "<group>"; };
		C8ADF78F243F296300E355E5 /* _面试题_10_01_合并排序的数组.swift */ = {isa = PBXFileReference; fileEncoding = 4; lastKnownFileType = sourcecode.swift; path = "_面试题_10_01_合并排序的数组.swift"; sourceTree = "<group>"; };
		C8ADF7CC243F2F0000E355E5 /* _69_x的平方根.swift */ = {isa = PBXFileReference; lastKnownFileType = sourcecode.swift; path = "_69_x的平方根.swift"; sourceTree = "<group>"; };
		C8C6A6672372B92300B3059D /* Algorithm */ = {isa = PBXFileReference; explicitFileType = "compiled.mach-o.executable"; includeInIndex = 0; path = Algorithm; sourceTree = BUILT_PRODUCTS_DIR; };
/* End PBXFileReference section */

/* Begin PBXFrameworksBuildPhase section */
		C8C6A6642372B92300B3059D /* Frameworks */ = {
			isa = PBXFrameworksBuildPhase;
			buildActionMask = 2147483647;
			files = (
			);
			runOnlyForDeploymentPostprocessing = 0;
		};
/* End PBXFrameworksBuildPhase section */

/* Begin PBXGroup section */
		C82776E7244195FA00565E28 /* Tree树 */ = {
			isa = PBXGroup;
			children = (
				C82776EF244195FA00565E28 /* _98_验证二叉搜索树.swift */,
				C82776F1244195FA00565E28 /* _99_恢复二叉搜索树.swift */,
				C82776EE244195FA00565E28 /* _108_将有序数组转换为二叉搜索树.swift */,
				C82776ED244195FA00565E28 /* _173_二叉搜索树迭代器.swift */,
				C82776F0244195FA00565E28 /* _226_翻转二叉树.swift */,
				C82776E8244195FA00565E28 /* _230_二叉搜索树中第K小的元素.swift */,
				C82776F5244195FA00565E28 /* _235_二叉搜索树的最近公共祖先.swift */,
				C82776E9244195FA00565E28 /* _450_删除二叉搜索树中的节点.swift */,
				C82776F4244195FA00565E28 /* _530_二叉搜索树的最小绝对差.swift */,
				C82776EB244195FA00565E28 /* _700_二叉搜索树中的搜索.swift */,
				C82776F6244195FA00565E28 /* _701_二叉搜索树中的插入操作.swift */,
				C82776F2244195FA00565E28 /* _783_二叉搜索树结点最小距离.swift */,
				C82776EC244195FA00565E28 /* _938_二叉搜索树的范围和.swift */,
				C82776EA244195FA00565E28 /* BinarySearchTree.swift */,
				C82776F7244195FA00565E28 /* BinaryTree.swift */,
				C82776F3244195FA00565E28 /* TreeNode.swift */,
			);
			path = "Tree树";
			sourceTree = "<group>";
		};
		C8ADF762243F296200E355E5 /* 滑动窗口问题 */ = {
			isa = PBXGroup;
			children = (
				C8ADF763243F296200E355E5 /* _3_无重复字符的最长子串.swift */,
			);
			path = "滑动窗口问题";
			sourceTree = "<group>";
		};
		C8ADF764243F296200E355E5 /* Stack_栈 */ = {
			isa = PBXGroup;
			children = (
				C8ADF765243F296200E355E5 /* _20_有效的括号.swift */,
				C8ADF766243F296200E355E5 /* Stack.swift */,
				C8ADF767243F296200E355E5 /* _150_逆波兰表达式求值.swift */,
				C8ADF768243F296200E355E5 /* _224_基本计算器.swift */,
				C8ADF769243F296200E355E5 /* _856_括号的分数.swift */,
			);
			path = "Stack_栈";
			sourceTree = "<group>";
		};
		C8ADF76A243F296200E355E5 /* Queue_队列 */ = {
			isa = PBXGroup;
			children = (
				C8ADF76B243F296200E355E5 /* _225_用队列实现栈.swift */,
				C8ADF76C243F296200E355E5 /* _232_用栈实现队列.swift */,
				C8ADF76D243F296200E355E5 /* Queue.swift */,
			);
			path = "Queue_队列";
			sourceTree = "<group>";
		};
		C8ADF776243F296300E355E5 /* Sort_排序算法(10 大排序算法) */ = {
			isa = PBXGroup;
			children = (
				C8ADF777243F296300E355E5 /* 归并排序.swift */,
				C8ADF778243F296300E355E5 /* 堆排序.swift */,
				C8ADF779243F296300E355E5 /* 插入排序.swift */,
				C8ADF77A243F296300E355E5 /* 冒泡排序.swift */,
				C8ADF77B243F296300E355E5 /* 快速排序.swift */,
				C8ADF77C243F296300E355E5 /* 选择排序.swift */,
				C8ADF77D243F296300E355E5 /* 希尔排序.swift */,
			);
			path = "Sort_排序算法(10 大排序算法)";
			sourceTree = "<group>";
		};
		C8ADF77E243F296300E355E5 /* LinkList_链表 */ = {
			isa = PBXGroup;
			children = (
				C8ADF77F243F296300E355E5 /* _234_回文链表.swift */,
				C8ADF780243F296300E355E5 /* _203_移除链表元素.swift */,
				C8ADF781243F296300E355E5 /* _206_反转链表.swift */,
				C8ADF782243F296300E355E5 /* ListNode.swift */,
				C8ADF783243F296300E355E5 /* _876_链表的中间结点.swift */,
				C8ADF784243F296300E355E5 /* _141_环形链表.swift */,
				C8ADF785243F296300E355E5 /* _83_删除排序链表中的重复元素.swift */,
			);
			path = "LinkList_链表";
			sourceTree = "<group>";
		};
		C8ADF787243F296300E355E5 /* Sort_排序_链表 */ = {
			isa = PBXGroup;
			children = (
				C8ADF788243F296300E355E5 /* _21_合并两个有序链表.swift */,
				C8ADF789243F296300E355E5 /* _23_合并K个排序链表.swift */,
			);
			path = "Sort_排序_链表";
			sourceTree = "<group>";
		};
		C8ADF78A243F296300E355E5 /* Sort_排序_数组 */ = {
			isa = PBXGroup;
			children = (
				C8ADF78B243F296300E355E5 /* _75_颜色分类.swift */,
				C8ADF78C243F296300E355E5 /* _面试题_16_16_部分排序.swift */,
				C8ADF78D243F296300E355E5 /* _88_合并两个有序数组.swift */,
				C8ADF78E243F296300E355E5 /* _164_最大间距.swift */,
				C8ADF78F243F296300E355E5 /* _面试题_10_01_合并排序的数组.swift */,
				C8ABC4E82446A0FC00CE1B03 /* _面试题_10_11_峰与谷.swift */,
			);
			path = "Sort_排序_数组";
			sourceTree = "<group>";
		};
		C8C6A65E2372B92300B3059D = {
			isa = PBXGroup;
			children = (
				C8C6A6692372B92300B3059D /* Algorithm */,
				C8C6A6682372B92300B3059D /* Products */,
			);
			sourceTree = "<group>";
		};
		C8C6A6682372B92300B3059D /* Products */ = {
			isa = PBXGroup;
			children = (
				C8C6A6672372B92300B3059D /* Algorithm */,
			);
			name = Products;
			sourceTree = "<group>";
		};
		C8C6A6692372B92300B3059D /* Algorithm */ = {
			isa = PBXGroup;
			children = (
				C8ADF7CC243F2F0000E355E5 /* _69_x的平方根.swift */,
				C8ADF762243F296200E355E5 /* 滑动窗口问题 */,
				C8ADF786243F296300E355E5 /* 获取最大公约数.swift */,
				C8ADF774243F296200E355E5 /* Algorithm-Bridging-Header.h */,
				C8ADF775243F296200E355E5 /* Algorithm.playground */,
				C8ADF77E243F296300E355E5 /* LinkList_链表 */,
				C8ADF773243F296200E355E5 /* main.swift */,
				C8ADF76A243F296200E355E5 /* Queue_队列 */,
				C8ADF787243F296300E355E5 /* Sort_排序_链表 */,
				C8ADF78A243F296300E355E5 /* Sort_排序_数组 */,
				C8ADF776243F296300E355E5 /* Sort_排序算法(10 大排序算法) */,
				C8ADF764243F296200E355E5 /* Stack_栈 */,
				C82776E7244195FA00565E28 /* Tree树 */,
			);
			path = Algorithm;
			sourceTree = "<group>";
		};
/* End PBXGroup section */

/* Begin PBXNativeTarget section */
		C8C6A6662372B92300B3059D /* Algorithm */ = {
			isa = PBXNativeTarget;
			buildConfigurationList = C8C6A66E2372B92300B3059D /* Build configuration list for PBXNativeTarget "Algorithm" */;
			buildPhases = (
				C8C6A6632372B92300B3059D /* Sources */,
				C8C6A6642372B92300B3059D /* Frameworks */,
				C8C6A6652372B92300B3059D /* CopyFiles */,
			);
			buildRules = (
			);
			dependencies = (
			);
			name = Algorithm;
			productName = Algorithm;
			productReference = C8C6A6672372B92300B3059D /* Algorithm */;
			productType = "com.apple.product-type.tool";
		};
/* End PBXNativeTarget section */

/* Begin PBXProject section */
		C8C6A65F2372B92300B3059D /* Project object */ = {
			isa = PBXProject;
			attributes = {
				LastSwiftUpdateCheck = 1120;
				LastUpgradeCheck = 1130;
				ORGANIZATIONNAME = duzj;
				TargetAttributes = {
					C8C6A6662372B92300B3059D = {
						CreatedOnToolsVersion = 11.2;
						LastSwiftMigration = 1130;
					};
				};
			};
			buildConfigurationList = C8C6A6622372B92300B3059D /* Build configuration list for PBXProject "Algorithm" */;
			compatibilityVersion = "Xcode 9.3";
			developmentRegion = en;
			hasScannedForEncodings = 0;
			knownRegions = (
				en,
				Base,
			);
			mainGroup = C8C6A65E2372B92300B3059D;
			productRefGroup = C8C6A6682372B92300B3059D /* Products */;
			projectDirPath = "";
			projectRoot = "";
			targets = (
				C8C6A6662372B92300B3059D /* Algorithm */,
			);
		};
/* End PBXProject section */

/* Begin PBXSourcesBuildPhase section */
		C8C6A6632372B92300B3059D /* Sources */ = {
			isa = PBXSourcesBuildPhase;
			buildActionMask = 2147483647;
			files = (
				C8ADF796243F296300E355E5 /* _225_用队列实现栈.swift in Sources */,
				C82776F8244195FA00565E28 /* _230_二叉搜索树中第K小的元素.swift in Sources */,
				C82776FC244195FA00565E28 /* _938_二叉搜索树的范围和.swift in Sources */,
				C82776FB244195FA00565E28 /* _700_二叉搜索树中的搜索.swift in Sources */,
				C8ADF7A1243F296300E355E5 /* 冒泡排序.swift in Sources */,
				C82776F9244195FA00565E28 /* _450_删除二叉搜索树中的节点.swift in Sources */,
				C8ADF7AF243F296300E355E5 /* _75_颜色分类.swift in Sources */,
				C8ADF791243F296300E355E5 /* _20_有效的括号.swift in Sources */,
				C8ADF795243F296300E355E5 /* _856_括号的分数.swift in Sources */,
				C8ADF7A3243F296300E355E5 /* 选择排序.swift in Sources */,
				C8ADF7A9243F296300E355E5 /* _876_链表的中间结点.swift in Sources */,
				C8ADF79E243F296300E355E5 /* 归并排序.swift in Sources */,
				C8277706244195FA00565E28 /* _701_二叉搜索树中的插入操作.swift in Sources */,
				C8277700244195FA00565E28 /* _226_翻转二叉树.swift in Sources */,
				C8ADF7AB243F296300E355E5 /* _83_删除排序链表中的重复元素.swift in Sources */,
				C82776FF244195FA00565E28 /* _98_验证二叉搜索树.swift in Sources */,
				C8ABC4E92446A0FC00CE1B03 /* _面试题_10_11_峰与谷.swift in Sources */,
				C8ADF7A8243F296300E355E5 /* ListNode.swift in Sources */,
				C8ADF7AC243F296300E355E5 /* 获取最大公约数.swift in Sources */,
				C8ADF7B2243F296300E355E5 /* _164_最大间距.swift in Sources */,
				C8ADF7AA243F296300E355E5 /* _141_环形链表.swift in Sources */,
				C8ADF7A2243F296300E355E5 /* 快速排序.swift in Sources */,
				C8ADF7A7243F296300E355E5 /* _206_反转链表.swift in Sources */,
				C8277707244195FA00565E28 /* BinaryTree.swift in Sources */,
				C82776FD244195FA00565E28 /* _173_二叉搜索树迭代器.swift in Sources */,
				C8ADF793243F296300E355E5 /* _150_逆波兰表达式求值.swift in Sources */,
				C8ADF7A5243F296300E355E5 /* _234_回文链表.swift in Sources */,
				C8277702244195FA00565E28 /* _783_二叉搜索树结点最小距离.swift in Sources */,
				C8ADF7A6243F296300E355E5 /* _203_移除链表元素.swift in Sources */,
				C8ADF7B1243F296300E355E5 /* _88_合并两个有序数组.swift in Sources */,
				C8277705244195FA00565E28 /* _235_二叉搜索树的最近公共祖先.swift in Sources */,
				C8ADF794243F296300E355E5 /* _224_基本计算器.swift in Sources */,
				C8ADF7A4243F296300E355E5 /* 希尔排序.swift in Sources */,
				C8ADF7B3243F296300E355E5 /* _面试题_10_01_合并排序的数组.swift in Sources */,
				C8ADF7CD243F2F0000E355E5 /* _69_x的平方根.swift in Sources */,
				C8ADF797243F296300E355E5 /* _232_用栈实现队列.swift in Sources */,
				C8ADF79D243F296300E355E5 /* main.swift in Sources */,
				C8ADF7AE243F296300E355E5 /* _23_合并K个排序链表.swift in Sources */,
				C8ADF7AD243F296300E355E5 /* _21_合并两个有序链表.swift in Sources */,
				C82776FE244195FA00565E28 /* _108_将有序数组转换为二叉搜索树.swift in Sources */,
				C8ADF792243F296300E355E5 /* Stack.swift in Sources */,
				C8277701244195FA00565E28 /* _99_恢复二叉搜索树.swift in Sources */,
				C8277704244195FA00565E28 /* _530_二叉搜索树的最小绝对差.swift in Sources */,
				C8277703244195FA00565E28 /* TreeNode.swift in Sources */,
				C8ADF79F243F296300E355E5 /* 堆排序.swift in Sources */,
				C8ADF798243F296300E355E5 /* Queue.swift in Sources */,
				C82776FA244195FA00565E28 /* BinarySearchTree.swift in Sources */,
				C8ADF7B0243F296300E355E5 /* _面试题_16_16_部分排序.swift in Sources */,
				C8ADF7A0243F296300E355E5 /* 插入排序.swift in Sources */,
				C8ADF790243F296300E355E5 /* _3_无重复字符的最长子串.swift in Sources */,
			);
			runOnlyForDeploymentPostprocessing = 0;
		};
/* End PBXSourcesBuildPhase section */

/* Begin XCBuildConfiguration section */
		C8C6A66C2372B92300B3059D /* Debug */ = {
			isa = XCBuildConfiguration;
			buildSettings = {
				ALWAYS_SEARCH_USER_PATHS = NO;
				CLANG_ANALYZER_NONNULL = YES;
				CLANG_ANALYZER_NUMBER_OBJECT_CONVERSION = YES_AGGRESSIVE;
				CLANG_CXX_LANGUAGE_STANDARD = "gnu++14";
				CLANG_CXX_LIBRARY = "libc++";
				CLANG_ENABLE_MODULES = YES;
				CLANG_ENABLE_OBJC_ARC = YES;
				CLANG_ENABLE_OBJC_WEAK = YES;
				CLANG_WARN_BLOCK_CAPTURE_AUTORELEASING = YES;
				CLANG_WARN_BOOL_CONVERSION = YES;
				CLANG_WARN_COMMA = YES;
				CLANG_WARN_CONSTANT_CONVERSION = YES;
				CLANG_WARN_DEPRECATED_OBJC_IMPLEMENTATIONS = YES;
				CLANG_WARN_DIRECT_OBJC_ISA_USAGE = YES_ERROR;
				CLANG_WARN_DOCUMENTATION_COMMENTS = YES;
				CLANG_WARN_EMPTY_BODY = YES;
				CLANG_WARN_ENUM_CONVERSION = YES;
				CLANG_WARN_INFINITE_RECURSION = YES;
				CLANG_WARN_INT_CONVERSION = YES;
				CLANG_WARN_NON_LITERAL_NULL_CONVERSION = YES;
				CLANG_WARN_OBJC_IMPLICIT_RETAIN_SELF = YES;
				CLANG_WARN_OBJC_LITERAL_CONVERSION = YES;
				CLANG_WARN_OBJC_ROOT_CLASS = YES_ERROR;
				CLANG_WARN_RANGE_LOOP_ANALYSIS = YES;
				CLANG_WARN_STRICT_PROTOTYPES = YES;
				CLANG_WARN_SUSPICIOUS_MOVE = YES;
				CLANG_WARN_UNGUARDED_AVAILABILITY = YES_AGGRESSIVE;
				CLANG_WARN_UNREACHABLE_CODE = YES;
				CLANG_WARN__DUPLICATE_METHOD_MATCH = YES;
				COPY_PHASE_STRIP = NO;
				DEBUG_INFORMATION_FORMAT = dwarf;
				ENABLE_STRICT_OBJC_MSGSEND = YES;
				ENABLE_TESTABILITY = YES;
				GCC_C_LANGUAGE_STANDARD = gnu11;
				GCC_DYNAMIC_NO_PIC = NO;
				GCC_NO_COMMON_BLOCKS = YES;
				GCC_OPTIMIZATION_LEVEL = 0;
				GCC_PREPROCESSOR_DEFINITIONS = (
					"DEBUG=1",
					"$(inherited)",
				);
				GCC_WARN_64_TO_32_BIT_CONVERSION = YES;
				GCC_WARN_ABOUT_RETURN_TYPE = YES_ERROR;
				GCC_WARN_UNDECLARED_SELECTOR = YES;
				GCC_WARN_UNINITIALIZED_AUTOS = YES_AGGRESSIVE;
				GCC_WARN_UNUSED_FUNCTION = YES;
				GCC_WARN_UNUSED_VARIABLE = YES;
				MACOSX_DEPLOYMENT_TARGET = 10.15;
				MTL_ENABLE_DEBUG_INFO = INCLUDE_SOURCE;
				MTL_FAST_MATH = YES;
				ONLY_ACTIVE_ARCH = YES;
				SDKROOT = macosx;
				SWIFT_ACTIVE_COMPILATION_CONDITIONS = DEBUG;
				SWIFT_OPTIMIZATION_LEVEL = "-Onone";
			};
			name = Debug;
		};
		C8C6A66D2372B92300B3059D /* Release */ = {
			isa = XCBuildConfiguration;
			buildSettings = {
				ALWAYS_SEARCH_USER_PATHS = NO;
				CLANG_ANALYZER_NONNULL = YES;
				CLANG_ANALYZER_NUMBER_OBJECT_CONVERSION = YES_AGGRESSIVE;
				CLANG_CXX_LANGUAGE_STANDARD = "gnu++14";
				CLANG_CXX_LIBRARY = "libc++";
				CLANG_ENABLE_MODULES = YES;
				CLANG_ENABLE_OBJC_ARC = YES;
				CLANG_ENABLE_OBJC_WEAK = YES;
				CLANG_WARN_BLOCK_CAPTURE_AUTORELEASING = YES;
				CLANG_WARN_BOOL_CONVERSION = YES;
				CLANG_WARN_COMMA = YES;
				CLANG_WARN_CONSTANT_CONVERSION = YES;
				CLANG_WARN_DEPRECATED_OBJC_IMPLEMENTATIONS = YES;
				CLANG_WARN_DIRECT_OBJC_ISA_USAGE = YES_ERROR;
				CLANG_WARN_DOCUMENTATION_COMMENTS = YES;
				CLANG_WARN_EMPTY_BODY = YES;
				CLANG_WARN_ENUM_CONVERSION = YES;
				CLANG_WARN_INFINITE_RECURSION = YES;
				CLANG_WARN_INT_CONVERSION = YES;
				CLANG_WARN_NON_LITERAL_NULL_CONVERSION = YES;
				CLANG_WARN_OBJC_IMPLICIT_RETAIN_SELF = YES;
				CLANG_WARN_OBJC_LITERAL_CONVERSION = YES;
				CLANG_WARN_OBJC_ROOT_CLASS = YES_ERROR;
				CLANG_WARN_RANGE_LOOP_ANALYSIS = YES;
				CLANG_WARN_STRICT_PROTOTYPES = YES;
				CLANG_WARN_SUSPICIOUS_MOVE = YES;
				CLANG_WARN_UNGUARDED_AVAILABILITY = YES_AGGRESSIVE;
				CLANG_WARN_UNREACHABLE_CODE = YES;
				CLANG_WARN__DUPLICATE_METHOD_MATCH = YES;
				COPY_PHASE_STRIP = NO;
				DEBUG_INFORMATION_FORMAT = "dwarf-with-dsym";
				ENABLE_NS_ASSERTIONS = NO;
				ENABLE_STRICT_OBJC_MSGSEND = YES;
				GCC_C_LANGUAGE_STANDARD = gnu11;
				GCC_NO_COMMON_BLOCKS = YES;
				GCC_WARN_64_TO_32_BIT_CONVERSION = YES;
				GCC_WARN_ABOUT_RETURN_TYPE = YES_ERROR;
				GCC_WARN_UNDECLARED_SELECTOR = YES;
				GCC_WARN_UNINITIALIZED_AUTOS = YES_AGGRESSIVE;
				GCC_WARN_UNUSED_FUNCTION = YES;
				GCC_WARN_UNUSED_VARIABLE = YES;
				MACOSX_DEPLOYMENT_TARGET = 10.15;
				MTL_ENABLE_DEBUG_INFO = NO;
				MTL_FAST_MATH = YES;
				SDKROOT = macosx;
				SWIFT_COMPILATION_MODE = wholemodule;
				SWIFT_OPTIMIZATION_LEVEL = "-O";
			};
			name = Release;
		};
		C8C6A66F2372B92300B3059D /* Debug */ = {
			isa = XCBuildConfiguration;
			buildSettings = {
				CLANG_ENABLE_MODULES = YES;
				CODE_SIGN_IDENTITY = "-";
				CODE_SIGN_STYLE = Automatic;
				LD_RUNPATH_SEARCH_PATHS = (
					"$(inherited)",
					"@executable_path/../Frameworks",
					"@loader_path/../Frameworks",
				);
				PRODUCT_NAME = "$(TARGET_NAME)";
				SWIFT_OBJC_BRIDGING_HEADER = "Algorithm/Algorithm-Bridging-Header.h";
				SWIFT_OPTIMIZATION_LEVEL = "-Onone";
				SWIFT_VERSION = 5.0;
			};
			name = Debug;
		};
		C8C6A6702372B92300B3059D /* Release */ = {
			isa = XCBuildConfiguration;
			buildSettings = {
				CLANG_ENABLE_MODULES = YES;
				CODE_SIGN_IDENTITY = "-";
				CODE_SIGN_STYLE = Automatic;
				LD_RUNPATH_SEARCH_PATHS = (
					"$(inherited)",
					"@executable_path/../Frameworks",
					"@loader_path/../Frameworks",
				);
				PRODUCT_NAME = "$(TARGET_NAME)";
				SWIFT_OBJC_BRIDGING_HEADER = "Algorithm/Algorithm-Bridging-Header.h";
				SWIFT_VERSION = 5.0;
			};
			name = Release;
		};
/* End XCBuildConfiguration section */

/* Begin XCConfigurationList section */
		C8C6A6622372B92300B3059D /* Build configuration list for PBXProject "Algorithm" */ = {
			isa = XCConfigurationList;
			buildConfigurations = (
				C8C6A66C2372B92300B3059D /* Debug */,
				C8C6A66D2372B92300B3059D /* Release */,
			);
			defaultConfigurationIsVisible = 0;
			defaultConfigurationName = Release;
		};
		C8C6A66E2372B92300B3059D /* Build configuration list for PBXNativeTarget "Algorithm" */ = {
			isa = XCConfigurationList;
			buildConfigurations = (
				C8C6A66F2372B92300B3059D /* Debug */,
				C8C6A6702372B92300B3059D /* Release */,
			);
			defaultConfigurationIsVisible = 0;
			defaultConfigurationName = Release;
		};
/* End XCConfigurationList section */
	};
	rootObject = C8C6A65F2372B92300B3059D /* Project object */;
}
